
Microsoft Visual Studio Solution File, Format Version 12.00
# Visual Studio Version 16
VisualStudioVersion = 16.0.30503.244
MinimumVisualStudioVersion = 10.0.40219.1
Project("{FAE04EC0-301F-11D3-BF4B-00C04F79EFBC}") = "NotesWebApp", "NotesWebApp\NotesWebApp.csproj", "{9BA36ADB-9E7C-49EF-81FF-9AF4EC9B4E4A}"
EndProject
Global
	GlobalSection(SolutionConfigurationPlatforms) = preSolution
		Debug|Any CPU = Debug|Any CPU
		Release|Any CPU = Release|Any CPU
	EndGlobalSection
	GlobalSection(ProjectConfigurationPlatforms) = postSolution
		{9BA36ADB-9E7C-49EF-81FF-9AF4EC9B4E4A}.Debug|Any CPU.ActiveCfg = Debug|Any CPU
		{9BA36ADB-9E7C-49EF-81FF-9AF4EC9B4E4A}.Debug|Any CPU.Build.0 = Debug|Any CPU
		{9BA36ADB-9E7C-49EF-81FF-9AF4EC9B4E4A}.Release|Any CPU.ActiveCfg = Release|Any CPU
		{9BA36ADB-9E7C-49EF-81FF-9AF4EC9B4E4A}.Release|Any CPU.Build.0 = Release|Any CPU
	EndGlobalSection
	GlobalSection(SolutionProperties) = preSolution
		HideSolutionNode = FALSE
	EndGlobalSection
	GlobalSection(ExtensibilityGlobals) = postSolution
		SolutionGuid = {C0B9170B-CF97-4686-82D0-D8B9C8108CA8}
	EndGlobalSection
EndGlobal
